
Microsoft Visual Studio Solution File, Format Version 12.00
# Visual Studio Version 17
VisualStudioVersion = 17.5.33530.505
MinimumVisualStudioVersion = 10.0.40219.1
Project("{FAE04EC0-301F-11D3-BF4B-00C04F79EFBC}") = "ApiGateway", "ApiGateway\ApiGateway.csproj", "{18536E4C-87D1-4E47-980A-09648B454203}"
EndProject
Global
	GlobalSection(SolutionConfigurationPlatforms) = preSolution
		Debug|Any CPU = Debug|Any CPU
		Release|Any CPU = Release|Any CPU
	EndGlobalSection
	GlobalSection(ProjectConfigurationPlatforms) = postSolution
		{18536E4C-87D1-4E47-980A-09648B454203}.Debug|Any CPU.ActiveCfg = Debug|Any CPU
		{18536E4C-87D1-4E47-980A-09648B454203}.Debug|Any CPU.Build.0 = Debug|Any CPU
		{18536E4C-87D1-4E47-980A-09648B454203}.Release|Any CPU.ActiveCfg = Release|Any CPU
		{18536E4C-87D1-4E47-980A-09648B454203}.Release|Any CPU.Build.0 = Release|Any CPU
	EndGlobalSection
	GlobalSection(SolutionProperties) = preSolution
		HideSolutionNode = FALSE
	EndGlobalSection
	GlobalSection(ExtensibilityGlobals) = postSolution
		SolutionGuid = {9AB2D767-4147-4CC2-A143-56DB181E7473}
	EndGlobalSection
EndGlobal
