
Microsoft Visual Studio Solution File, Format Version 12.00
# Visual Studio Version 17
VisualStudioVersion = 17.0.32014.148
MinimumVisualStudioVersion = 10.0.40219.1
Project("{FAE04EC0-301F-11D3-BF4B-00C04F79EFBC}") = "service1", "service1\service1.csproj", "{0213939C-E93E-49C7-AC0D-4F9B88971592}"
EndProject
Global
	GlobalSection(SolutionConfigurationPlatforms) = preSolution
		Debug|Any CPU = Debug|Any CPU
		Release|Any CPU = Release|Any CPU
	EndGlobalSection
	GlobalSection(ProjectConfigurationPlatforms) = postSolution
		{0213939C-E93E-49C7-AC0D-4F9B88971592}.Debug|Any CPU.ActiveCfg = Debug|Any CPU
		{0213939C-E93E-49C7-AC0D-4F9B88971592}.Debug|Any CPU.Build.0 = Debug|Any CPU
		{0213939C-E93E-49C7-AC0D-4F9B88971592}.Release|Any CPU.ActiveCfg = Release|Any CPU
		{0213939C-E93E-49C7-AC0D-4F9B88971592}.Release|Any CPU.Build.0 = Release|Any CPU
	EndGlobalSection
	GlobalSection(SolutionProperties) = preSolution
		HideSolutionNode = FALSE
	EndGlobalSection
	GlobalSection(ExtensibilityGlobals) = postSolution
		SolutionGuid = {22BD433D-E69B-4E08-AAFA-FFB84B22A336}
	EndGlobalSection
EndGlobal
